// !$*UTF8*$!
{
	archiveVersion = 1;
	classes = {
	};
	objectVersion = 46;
	objects = {

/* Begin PBXBuildFile section */
		94063BCC1BC2ECE200E8FCFD /* AppDelegate.swift in Sources */ = {isa = PBXBuildFile; fileRef = 94063BCB1BC2ECE200E8FCFD /* AppDelegate.swift */; };
		94063BCE1BC2ECE200E8FCFD /* ViewController.swift in Sources */ = {isa = PBXBuildFile; fileRef = 94063BCD1BC2ECE200E8FCFD /* ViewController.swift */; };
		94063BD11BC2ECE200E8FCFD /* Main.storyboard in Resources */ = {isa = PBXBuildFile; fileRef = 94063BCF1BC2ECE200E8FCFD /* Main.storyboard */; };
		94063BD31BC2ECE200E8FCFD /* Assets.xcassets in Resources */ = {isa = PBXBuildFile; fileRef = 94063BD21BC2ECE200E8FCFD /* Assets.xcassets */; };
		94063BD61BC2ECE200E8FCFD /* LaunchScreen.storyboard in Resources */ = {isa = PBXBuildFile; fileRef = 94063BD41BC2ECE200E8FCFD /* LaunchScreen.storyboard */; };
/* End PBXBuildFile section */

/* Begin PBXFileReference section */
		94063BC81BC2ECE200E8FCFD /* SuperCool.app */ = {isa = PBXFileReference; explicitFileType = wrapper.application; includeInIndex = 0; path = SuperCool.app; sourceTree = BUILT_PRODUCTS_DIR; };
		94063BCB1BC2ECE200E8FCFD /* AppDelegate.swift */ = {isa = PBXFileReference; lastKnownFileType = sourcecode.swift; path = AppDelegate.swift; sourceTree = "<group>"; };
		94063BCD1BC2ECE200E8FCFD /* ViewController.swift */ = {isa = PBXFileReference; lastKnownFileType = sourcecode.swift; path = ViewController.swift; sourceTree = "<group>"; };
		94063BD01BC2ECE200E8FCFD /* Base */ = {isa = PBXFileReference; lastKnownFileType = file.storyboard; name = Base; path = Base.lproj/Main.storyboard; sourceTree = "<group>"; };
		94063BD21BC2ECE200E8FCFD /* Assets.xcassets */ = {isa = PBXFileReference; lastKnownFileType = folder.assetcatalog; path = Assets.xcassets; sourceTree = "<group>"; };
		94063BD51BC2ECE200E8FCFD /* Base */ = {isa = PBXFileReference; lastKnownFileType = file.storyboard; name = Base; path = Base.lproj/LaunchScreen.storyboard; sourceTree = "<group>"; };
		94063BD71BC2ECE200E8FCFD /* Info.plist */ = {isa = PBXFileReference; lastKnownFileType = text.plist.xml; path = Info.plist; sourceTree = "<group>"; };
/* End PBXFileReference section */

/* Begin PBXFrameworksBuildPhase section */
		94063BC51BC2ECE200E8FCFD /* Frameworks */ = {
			isa = PBXFrameworksBuildPhase;
			buildActionMask = 2147483647;
			files = (
			);
			runOnlyForDeploymentPostprocessing = 0;
		};
/* End PBXFrameworksBuildPhase section */

/* Begin PBXGroup section */
		94063BBF1BC2ECE200E8FCFD = {
			isa = PBXGroup;
			children = (
				94063BCA1BC2ECE200E8FCFD /* SuperCool */,
				94063BC91BC2ECE200E8FCFD /* Products */,
			);
			sourceTree = "<group>";
		};
		94063BC91BC2ECE200E8FCFD /* Products */ = {
			isa = PBXGroup;
			children = (
				94063BC81BC2ECE200E8FCFD /* SuperCool.app */,
			);
			name = Products;
			sourceTree = "<group>";
		};
		94063BCA1BC2ECE200E8FCFD /* SuperCool */ = {
			isa = PBXGroup;
			children = (
				94063BCB1BC2ECE200E8FCFD /* AppDelegate.swift */,
				94063BCD1BC2ECE200E8FCFD /* ViewController.swift */,
				94063BCF1BC2ECE200E8FCFD /* Main.storyboard */,
				94063BD21BC2ECE200E8FCFD /* Assets.xcassets */,
				94063BD41BC2ECE200E8FCFD /* LaunchScreen.storyboard */,
				94063BD71BC2ECE200E8FCFD /* Info.plist */,
			);
			path = SuperCool;
			sourceTree = "<group>";
		};
/* End PBXGroup section */

/* Begin PBXNativeTarget section */
		94063BC71BC2ECE200E8FCFD /* SuperCool */ = {
			isa = PBXNativeTarget;
			buildConfigurationList = 94063BDA1BC2ECE200E8FCFD /* Build configuration list for PBXNativeTarget "SuperCool" */;
			buildPhases = (
				94063BC41BC2ECE200E8FCFD /* Sources */,
				94063BC51BC2ECE200E8FCFD /* Frameworks */,
				94063BC61BC2ECE200E8FCFD /* Resources */,
			);
			buildRules = (
			);
			dependencies = (
			);
			name = SuperCool;
			productName = SuperCool;
			productReference = 94063BC81BC2ECE200E8FCFD /* SuperCool.app */;
			productType = "com.apple.product-type.application";
		};
/* End PBXNativeTarget section */

/* Begin PBXProject section */
		94063BC01BC2ECE200E8FCFD /* Project object */ = {
			isa = PBXProject;
			attributes = {
				LastUpgradeCheck = 0700;
				ORGANIZATIONNAME = devslopes;
				TargetAttributes = {
					94063BC71BC2ECE200E8FCFD = {
						CreatedOnToolsVersion = 7.0.1;
					};
				};
			};
			buildConfigurationList = 94063BC31BC2ECE200E8FCFD /* Build configuration list for PBXProject "SuperCool" */;
			compatibilityVersion = "Xcode 3.2";
			developmentRegion = English;
			hasScannedForEncodings = 0;
			knownRegions = (
				en,
				Base,
			);
			mainGroup = 94063BBF1BC2ECE200E8FCFD;
			productRefGroup = 94063BC91BC2ECE200E8FCFD /* Products */;
			projectDirPath = "";
			projectRoot = "";
			targets = (
				94063BC71BC2ECE200E8FCFD /* SuperCool */,
			);
		};
/* End PBXProject section */

/* Begin PBXResourcesBuildPhase section */
		94063BC61BC2ECE200E8FCFD /* Resources */ = {
			isa = PBXResourcesBuildPhase;
			buildActionMask = 2147483647;
			files = (
				94063BD61BC2ECE200E8FCFD /* LaunchScreen.storyboard in Resources */,
				94063BD31BC2ECE200E8FCFD /* Assets.xcassets in Resources */,
				94063BD11BC2ECE200E8FCFD /* Main.storyboard in Resources */,
			);
			runOnlyForDeploymentPostprocessing = 0;
		};
/* End PBXResourcesBuildPhase section */

/* Begin PBXSourcesBuildPhase section */
		94063BC41BC2ECE200E8FCFD /* Sources */ = {
			isa = PBXSourcesBuildPhase;
			buildActionMask = 2147483647;
			files = (
				94063BCE1BC2ECE200E8FCFD /* ViewController.swift in Sources */,
				94063BCC1BC2ECE200E8FCFD /* AppDelegate.swift in Sources */,
			);
			runOnlyForDeploymentPostprocessing = 0;
		};
/* End PBXSourcesBuildPhase section */

/* Begin PBXVariantGroup section */
		94063BCF1BC2ECE200E8FCFD /* Main.storyboard */ = {
			isa = PBXVariantGroup;
			children = (
				94063BD01BC2ECE200E8FCFD /* Base */,
			);
			name = Main.storyboard;
			sourceTree = "<group>";
		};
		94063BD41BC2ECE200E8FCFD /* LaunchScreen.storyboard */ = {
			isa = PBXVariantGroup;
			children = (
				94063BD51BC2ECE200E8FCFD /* Base */,
			);
			name = LaunchScreen.storyboard;
			sourceTree = "<group>";
		};
/* End PBXVariantGroup section */

/* Begin XCBuildConfiguration section */
		94063BD81BC2ECE200E8FCFD /* Debug */ = {
			isa = XCBuildConfiguration;
			buildSettings = {
				ALWAYS_SEARCH_USER_PATHS = NO;
				CLANG_CXX_LANGUAGE_STANDARD = "gnu++0x";
				CLANG_CXX_LIBRARY = "libc++";
				CLANG_ENABLE_MODULES = YES;
				CLANG_ENABLE_OBJC_ARC = YES;
				CLANG_WARN_BOOL_CONVERSION = YES;
				CLANG_WARN_CONSTANT_CONVERSION = YES;
				CLANG_WARN_DIRECT_OBJC_ISA_USAGE = YES_ERROR;
				CLANG_WARN_EMPTY_BODY = YES;
				CLANG_WARN_ENUM_CONVERSION = YES;
				CLANG_WARN_INT_CONVERSION = YES;
				CLANG_WARN_OBJC_ROOT_CLASS = YES_ERROR;
				CLANG_WARN_UNREACHABLE_CODE = YES;
				CLANG_WARN__DUPLICATE_METHOD_MATCH = YES;
				"CODE_SIGN_IDENTITY[sdk=iphoneos*]" = "iPhone Developer";
				COPY_PHASE_STRIP = NO;
				DEBUG_INFORMATION_FORMAT = dwarf;
				ENABLE_STRICT_OBJC_MSGSEND = YES;
				ENABLE_TESTABILITY = YES;
				GCC_C_LANGUAGE_STANDARD = gnu99;
				GCC_DYNAMIC_NO_PIC = NO;
				GCC_NO_COMMON_BLOCKS = YES;
				GCC_OPTIMIZATION_LEVEL = 0;
				GCC_PREPROCESSOR_DEFINITIONS = (
					"DEBUG=1",
					"$(inherited)",
				);
				GCC_WARN_64_TO_32_BIT_CONVERSION = YES;
				GCC_WARN_ABOUT_RETURN_TYPE = YES_ERROR;
				GCC_WARN_UNDECLARED_SELECTOR = YES;
				GCC_WARN_UNINITIALIZED_AUTOS = YES_AGGRESSIVE;
				GCC_WARN_UNUSED_FUNCTION = YES;
				GCC_WARN_UNUSED_VARIABLE = YES;
				IPHONEOS_DEPLOYMENT_TARGET = 9.0;
				MTL_ENABLE_DEBUG_INFO = YES;
				ONLY_ACTIVE_ARCH = YES;
				SDKROOT = iphoneos;
				SWIFT_OPTIMIZATION_LEVEL = "-Onone";
			};
			name = Debug;
		};
		94063BD91BC2ECE200E8FCFD /* Release */ = {
			isa = XCBuildConfiguration;
			buildSettings = {
				ALWAYS_SEARCH_USER_PATHS = NO;
				CLANG_CXX_LANGUAGE_STANDARD = "gnu++0x";
				CLANG_CXX_LIBRARY = "libc++";
				CLANG_ENABLE_MODULES = YES;
				CLANG_ENABLE_OBJC_ARC = YES;
				CLANG_WARN_BOOL_CONVERSION = YES;
				CLANG_WARN_CONSTANT_CONVERSION = YES;
				CLANG_WARN_DIRECT_OBJC_ISA_USAGE = YES_ERROR;
				CLANG_WARN_EMPTY_BODY = YES;
				CLANG_WARN_ENUM_CONVERSION = YES;
				CLANG_WARN_INT_CONVERSION = YES;
				CLANG_WARN_OBJC_ROOT_CLASS = YES_ERROR;
				CLANG_WARN_UNREACHABLE_CODE = YES;
				CLANG_WARN__DUPLICATE_METHOD_MATCH = YES;
				"CODE_SIGN_IDENTITY[sdk=iphoneos*]" = "iPhone Developer";
				COPY_PHASE_STRIP = NO;
				DEBUG_INFORMATION_FORMAT = "dwarf-with-dsym";
				ENABLE_NS_ASSERTIONS = NO;
				ENABLE_STRICT_OBJC_MSGSEND = YES;
				GCC_C_LANGUAGE_STANDARD = gnu99;
				GCC_NO_COMMON_BLOCKS = YES;
				GCC_WARN_64_TO_32_BIT_CONVERSION = YES;
				GCC_WARN_ABOUT_RETURN_TYPE = YES_ERROR;
				GCC_WARN_UNDECLARED_SELECTOR = YES;
				GCC_WARN_UNINITIALIZED_AUTOS = YES_AGGRESSIVE;
				GCC_WARN_UNUSED_FUNCTION = YES;
				GCC_WARN_UNUSED_VARIABLE = YES;
				IPHONEOS_DEPLOYMENT_TARGET = 9.0;
				MTL_ENABLE_DEBUG_INFO = NO;
				SDKROOT = iphoneos;
				VALIDATE_PRODUCT = YES;
			};
			name = Release;
		};
		94063BDB1BC2ECE200E8FCFD /* Debug */ = {
			isa = XCBuildConfiguration;
			buildSettings = {
				ASSETCATALOG_COMPILER_APPICON_NAME = AppIcon;
				INFOPLIST_FILE = SuperCool/Info.plist;
				LD_RUNPATH_SEARCH_PATHS = "$(inherited) @executable_path/Frameworks";
				PRODUCT_BUNDLE_IDENTIFIER = com.devslopes.SuperCool;
				PRODUCT_NAME = "$(TARGET_NAME)";
			};
			name = Debug;
		};
		94063BDC1BC2ECE200E8FCFD /* Release */ = {
			isa = XCBuildConfiguration;
			buildSettings = {
				ASSETCATALOG_COMPILER_APPICON_NAME = AppIcon;
				INFOPLIST_FILE = SuperCool/Info.plist;
				LD_RUNPATH_SEARCH_PATHS = "$(inherited) @executable_path/Frameworks";
				PRODUCT_BUNDLE_IDENTIFIER = com.devslopes.SuperCool;
				PRODUCT_NAME = "$(TARGET_NAME)";
			};
			name = Release;
		};
/* End XCBuildConfiguration section */

/* Begin XCConfigurationList section */
		94063BC31BC2ECE200E8FCFD /* Build configuration list for PBXProject "SuperCool" */ = {
			isa = XCConfigurationList;
			buildConfigurations = (
				94063BD81BC2ECE200E8FCFD /* Debug */,
				94063BD91BC2ECE200E8FCFD /* Release */,
			);
			defaultConfigurationIsVisible = 0;
			defaultConfigurationName = Release;
		};
		94063BDA1BC2ECE200E8FCFD /* Build configuration list for PBXNativeTarget "SuperCool" */ = {
			isa = XCConfigurationList;
			buildConfigurations = (
				94063BDB1BC2ECE200E8FCFD /* Debug */,
				94063BDC1BC2ECE200E8FCFD /* Release */,
			);
			defaultConfigurationIsVisible = 0;
		};
/* End XCConfigurationList section */
	};
	rootObject = 94063BC01BC2ECE200E8FCFD /* Project object */;
}
